
Microsoft Visual Studio Solution File, Format Version 12.00
# Visual Studio 14
VisualStudioVersion = 14.0.25123.0
MinimumVisualStudioVersion = 10.0.40219.1
Project("{2150E333-8FDC-42A3-9474-1A3956D46DE8}") = "Logging", "Logging", "{542087FB-ADA6-4D35-97B0-04A876B9ABEA}"
EndProject
Project("{FAE04EC0-301F-11D3-BF4B-00C04F79EFBC}") = "SkriftMEF.Logging.Interface", "Logging\Interface\SkriftMEF.Logging.Interface.csproj", "{E8F61A81-03E7-487A-A6D0-183F03C5253A}"
EndProject
Project("{FAE04EC0-301F-11D3-BF4B-00C04F79EFBC}") = "SkriftMEF.Logging.FileLogger", "Logging\FileLogger\SkriftMEF.Logging.FileLogger.csproj", "{633D17F2-D6A3-4F0C-980E-EC77FAE1D856}"
EndProject
Project("{FAE04EC0-301F-11D3-BF4B-00C04F79EFBC}") = "SkriftMEF.Logging.MailLogger", "Logging\SkriftMEF.Logging.MailLogger\SkriftMEF.Logging.MailLogger.csproj", "{B6BB73E7-0736-45D8-8E24-37568D70CD38}"
EndProject
Project("{FAE04EC0-301F-11D3-BF4B-00C04F79EFBC}") = "SkriftMEF.Logging.MyProgram", "Logging\SkriftMEF.Logging.MyProgram\SkriftMEF.Logging.MyProgram.csproj", "{B2F30952-4968-4BD7-BDE0-5B855F47AFBD}"
EndProject
Project("{2150E333-8FDC-42A3-9474-1A3956D46DE8}") = "SwitchToMEF", "SwitchToMEF", "{4D3F8CAF-5863-4552-8AD4-0F19F31B4896}"
EndProject
Project("{FAE04EC0-301F-11D3-BF4B-00C04F79EFBC}") = "SkriftMEF.SwitchToMEF.Program", "SwitchToMEF\SkriftMEF.SwitchToMEF.Program\SkriftMEF.SwitchToMEF.Program.csproj", "{0A189BB9-588B-40D5-B7BD-2BFFCB71C662}"
EndProject
Project("{FAE04EC0-301F-11D3-BF4B-00C04F79EFBC}") = "SkriftMEF.SwitchToMEF.Interface", "SwitchToMEF\SkriftMEF.SwitchToMEF.Interface\SkriftMEF.SwitchToMEF.Interface.csproj", "{8625D56A-610D-498E-82A0-73466BAE2D1F}"
EndProject
Project("{FAE04EC0-301F-11D3-BF4B-00C04F79EFBC}") = "SkriftMEF.SwitchToMEF.DAL", "SwitchToMEF\SkriftMEF.SwitchToMEF.DAL\SkriftMEF.SwitchToMEF.DAL.csproj", "{43C4D02F-DAB5-49F2-9630-F4A8039EE471}"
EndProject
Project("{FAE04EC0-301F-11D3-BF4B-00C04F79EFBC}") = "SkriftMEF.SwitchToMEF.ObjectModel", "SwitchToMEF\SkriftMEF.SwitchToMEF.ObjectModel\SkriftMEF.SwitchToMEF.ObjectModel.csproj", "{761530E8-C318-43F5-AC00-07ECB98E6A8D}"
EndProject
Project("{FAE04EC0-301F-11D3-BF4B-00C04F79EFBC}") = "SkriftMEF.SwitchToMEF.Variations", "SwitchToMEF\SkriftMEF.SwitchToMEF.Variations\SkriftMEF.SwitchToMEF.Variations.csproj", "{C61BFDEE-468E-4C79-B39A-A8570826D326}"
EndProject
Global
	GlobalSection(SolutionConfigurationPlatforms) = preSolution
		Debug|Any CPU = Debug|Any CPU
		Release|Any CPU = Release|Any CPU
	EndGlobalSection
	GlobalSection(ProjectConfigurationPlatforms) = postSolution
		{E8F61A81-03E7-487A-A6D0-183F03C5253A}.Debug|Any CPU.ActiveCfg = Debug|Any CPU
		{E8F61A81-03E7-487A-A6D0-183F03C5253A}.Debug|Any CPU.Build.0 = Debug|Any CPU
		{E8F61A81-03E7-487A-A6D0-183F03C5253A}.Release|Any CPU.ActiveCfg = Release|Any CPU
		{E8F61A81-03E7-487A-A6D0-183F03C5253A}.Release|Any CPU.Build.0 = Release|Any CPU
		{633D17F2-D6A3-4F0C-980E-EC77FAE1D856}.Debug|Any CPU.ActiveCfg = Debug|Any CPU
		{633D17F2-D6A3-4F0C-980E-EC77FAE1D856}.Debug|Any CPU.Build.0 = Debug|Any CPU
		{633D17F2-D6A3-4F0C-980E-EC77FAE1D856}.Release|Any CPU.ActiveCfg = Release|Any CPU
		{633D17F2-D6A3-4F0C-980E-EC77FAE1D856}.Release|Any CPU.Build.0 = Release|Any CPU
		{B6BB73E7-0736-45D8-8E24-37568D70CD38}.Debug|Any CPU.ActiveCfg = Debug|Any CPU
		{B6BB73E7-0736-45D8-8E24-37568D70CD38}.Debug|Any CPU.Build.0 = Debug|Any CPU
		{B6BB73E7-0736-45D8-8E24-37568D70CD38}.Release|Any CPU.ActiveCfg = Release|Any CPU
		{B6BB73E7-0736-45D8-8E24-37568D70CD38}.Release|Any CPU.Build.0 = Release|Any CPU
		{B2F30952-4968-4BD7-BDE0-5B855F47AFBD}.Debug|Any CPU.ActiveCfg = Debug|Any CPU
		{B2F30952-4968-4BD7-BDE0-5B855F47AFBD}.Debug|Any CPU.Build.0 = Debug|Any CPU
		{B2F30952-4968-4BD7-BDE0-5B855F47AFBD}.Release|Any CPU.ActiveCfg = Release|Any CPU
		{B2F30952-4968-4BD7-BDE0-5B855F47AFBD}.Release|Any CPU.Build.0 = Release|Any CPU
		{0A189BB9-588B-40D5-B7BD-2BFFCB71C662}.Debug|Any CPU.ActiveCfg = Debug|Any CPU
		{0A189BB9-588B-40D5-B7BD-2BFFCB71C662}.Debug|Any CPU.Build.0 = Debug|Any CPU
		{0A189BB9-588B-40D5-B7BD-2BFFCB71C662}.Release|Any CPU.ActiveCfg = Release|Any CPU
		{0A189BB9-588B-40D5-B7BD-2BFFCB71C662}.Release|Any CPU.Build.0 = Release|Any CPU
		{8625D56A-610D-498E-82A0-73466BAE2D1F}.Debug|Any CPU.ActiveCfg = Debug|Any CPU
		{8625D56A-610D-498E-82A0-73466BAE2D1F}.Debug|Any CPU.Build.0 = Debug|Any CPU
		{8625D56A-610D-498E-82A0-73466BAE2D1F}.Release|Any CPU.ActiveCfg = Release|Any CPU
		{8625D56A-610D-498E-82A0-73466BAE2D1F}.Release|Any CPU.Build.0 = Release|Any CPU
		{43C4D02F-DAB5-49F2-9630-F4A8039EE471}.Debug|Any CPU.ActiveCfg = Debug|Any CPU
		{43C4D02F-DAB5-49F2-9630-F4A8039EE471}.Debug|Any CPU.Build.0 = Debug|Any CPU
		{43C4D02F-DAB5-49F2-9630-F4A8039EE471}.Release|Any CPU.ActiveCfg = Release|Any CPU
		{43C4D02F-DAB5-49F2-9630-F4A8039EE471}.Release|Any CPU.Build.0 = Release|Any CPU
		{761530E8-C318-43F5-AC00-07ECB98E6A8D}.Debug|Any CPU.ActiveCfg = Debug|Any CPU
		{761530E8-C318-43F5-AC00-07ECB98E6A8D}.Debug|Any CPU.Build.0 = Debug|Any CPU
		{761530E8-C318-43F5-AC00-07ECB98E6A8D}.Release|Any CPU.ActiveCfg = Release|Any CPU
		{761530E8-C318-43F5-AC00-07ECB98E6A8D}.Release|Any CPU.Build.0 = Release|Any CPU
		{C61BFDEE-468E-4C79-B39A-A8570826D326}.Debug|Any CPU.ActiveCfg = Debug|Any CPU
		{C61BFDEE-468E-4C79-B39A-A8570826D326}.Debug|Any CPU.Build.0 = Debug|Any CPU
		{C61BFDEE-468E-4C79-B39A-A8570826D326}.Release|Any CPU.ActiveCfg = Release|Any CPU
		{C61BFDEE-468E-4C79-B39A-A8570826D326}.Release|Any CPU.Build.0 = Release|Any CPU
	EndGlobalSection
	GlobalSection(SolutionProperties) = preSolution
		HideSolutionNode = FALSE
	EndGlobalSection
	GlobalSection(NestedProjects) = preSolution
		{E8F61A81-03E7-487A-A6D0-183F03C5253A} = {542087FB-ADA6-4D35-97B0-04A876B9ABEA}
		{633D17F2-D6A3-4F0C-980E-EC77FAE1D856} = {542087FB-ADA6-4D35-97B0-04A876B9ABEA}
		{B6BB73E7-0736-45D8-8E24-37568D70CD38} = {542087FB-ADA6-4D35-97B0-04A876B9ABEA}
		{B2F30952-4968-4BD7-BDE0-5B855F47AFBD} = {542087FB-ADA6-4D35-97B0-04A876B9ABEA}
		{0A189BB9-588B-40D5-B7BD-2BFFCB71C662} = {4D3F8CAF-5863-4552-8AD4-0F19F31B4896}
		{8625D56A-610D-498E-82A0-73466BAE2D1F} = {4D3F8CAF-5863-4552-8AD4-0F19F31B4896}
		{43C4D02F-DAB5-49F2-9630-F4A8039EE471} = {4D3F8CAF-5863-4552-8AD4-0F19F31B4896}
		{761530E8-C318-43F5-AC00-07ECB98E6A8D} = {4D3F8CAF-5863-4552-8AD4-0F19F31B4896}
		{C61BFDEE-468E-4C79-B39A-A8570826D326} = {4D3F8CAF-5863-4552-8AD4-0F19F31B4896}
	EndGlobalSection
EndGlobal
